<?xml version="1.0" encoding="utf-8"?>
<Project ToolsVersion="4.0" xmlns="http://schemas.microsoft.com/developer/msbuild/2003">
  <ItemGroup>
    <Filter Include="Source Files">
      <UniqueIdentifier>{4FC737F1-C7A5-4376-A066-2A32D752A2FF}</UniqueIdentifier>
      <Extensions>cpp;c;cc;cxx;def;odl;idl;hpj;bat;asm;asmx</Extensions>
    </Filter>
    <Filter Include="Header Files">
      <UniqueIdentifier>{93995380-89BD-4b04-88EB-625FBE52EBFB}</UniqueIdentifier>
      <Extensions>h;hh;hpp;hxx;hm;inl;inc;xsd</Extensions>
    </Filter>
    <Filter Include="Resource Files">
      <UniqueIdentifier>{D9D6E242-F8AF-46E4-B9FD-80ECBC20BA3E}</UniqueIdentifier>
      <Extensions>qrc;*</Extensions>
      <ParseFiles>false</ParseFiles>
    </Filter>
    <Filter Include="Resource Files">
      <UniqueIdentifier>{D9D6E242-F8AF-46E4-B9FD-80ECBC20BA3E}</UniqueIdentifier>
      <Extensions>qrc;*</Extensions>
      <ParseFiles>false</ParseFiles>
    </Filter>
    <Filter Include="Generated Files">
      <UniqueIdentifier>{71ED8ED8-ACB9-4CE9-BBE1-E00B30144E11}</UniqueIdentifier>
      <Extensions>moc;h;cpp</Extensions>
      <SourceControlFiles>False</SourceControlFiles>
    </Filter>
    <Filter Include="TaskExplorer">
      <UniqueIdentifier>{9281d09d-2ea9-4fd9-9f5b-3641b4950edb}</UniqueIdentifier>
    </Filter>
    <Filter Include="Common">
      <UniqueIdentifier>{21b99ddb-37fd-49c1-9470-f459c5dff027}</UniqueIdentifier>
    </Filter>
    <Filter Include="TaskExplorer\TaskInfo">
      <UniqueIdentifier>{04372b0f-1fa5-4294-a9a5-6a947ea3c5a6}</UniqueIdentifier>
    </Filter>
    <Filter Include="TaskExplorer\SystemInfo">
      <UniqueIdentifier>{ba7af562-4fa1-4d9a-9e1f-aa9ccfb0be34}</UniqueIdentifier>
    </Filter>
    <Filter Include="TaskExplorer\Models">
      <UniqueIdentifier>{4a0bd8cb-5aae-4453-8d1d-af5ccee27686}</UniqueIdentifier>
    </Filter>
    <Filter Include="SVC">
      <UniqueIdentifier>{7b001913-6098-46fb-9e4e-e5f4c3d2f1d7}</UniqueIdentifier>
    </Filter>
    <Filter Include="TaskExplorer\Search">
      <UniqueIdentifier>{231e956e-a3d1-428d-8dc0-8fe2686f57d3}</UniqueIdentifier>
    </Filter>
    <Filter Include="Forms">
      <UniqueIdentifier>{99349809-55BA-4b9d-BF79-8FDBB0286EB3}</UniqueIdentifier>
      <Extensions>ui</Extensions>
    </Filter>
    <Filter Include="Translation Files">
      <UniqueIdentifier>{639EADAA-A684-42e4-A9AD-28FC9BCB8F7C}</UniqueIdentifier>
      <Extensions>ts</Extensions>
      <ParseFiles>false</ParseFiles>
    </Filter>
    <Filter Include="TaskExplorer\SystemInfo\KernelInfo">
      <UniqueIdentifier>{e7b5f9f5-6348-4501-af57-cba7740d091d}</UniqueIdentifier>
    </Filter>
    <Filter Include="TaskExplorer\Filters">
      <UniqueIdentifier>{d048a725-d5a4-4ff2-84a2-f9f8da01c68b}</UniqueIdentifier>
    </Filter>
  </ItemGroup>
  <ItemGroup>
    <ClCompile Include="stdafx.cpp">
      <Filter>Source Files</Filter>
    </ClCompile>
    <ClCompile Include="GUI\GraphBar.cpp">
      <Filter>TaskExplorer</Filter>
    </ClCompile>
    <ClCompile Include="GUI\TaskExplorer.cpp">
      <Filter>TaskExplorer</Filter>
    </ClCompile>
    <ClCompile Include="GUI\SystemInfo\ServicesView.cpp">
      <Filter>TaskExplorer\SystemInfo</Filter>
    </ClCompile>
    <ClCompile Include="GUI\SystemInfo\SystemInfoView.cpp">
      <Filter>TaskExplorer\SystemInfo</Filter>
    </ClCompile>
    <ClCompile Include="GUI\TaskInfo\EnvironmentView.cpp">
      <Filter>TaskExplorer\TaskInfo</Filter>
    </ClCompile>
    <ClCompile Include="GUI\TaskInfo\MemoryView.cpp">
      <Filter>TaskExplorer\TaskInfo</Filter>
    </ClCompile>
    <ClCompile Include="GUI\TaskInfo\ModulesView.cpp">
      <Filter>TaskExplorer\TaskInfo</Filter>
    </ClCompile>
    <ClCompile Include="GUI\TaskInfo\SocketsView.cpp">
      <Filter>TaskExplorer\TaskInfo</Filter>
    </ClCompile>
    <ClCompile Include="GUI\TaskInfo\TaskInfoView.cpp">
      <Filter>TaskExplorer\TaskInfo</Filter>
    </ClCompile>
    <ClCompile Include="GUI\TaskInfo\ThreadsView.cpp">
      <Filter>TaskExplorer\TaskInfo</Filter>
    </ClCompile>
    <ClCompile Include="GUI\TaskInfo\WindowsView.cpp">
      <Filter>TaskExplorer\TaskInfo</Filter>
    </ClCompile>
    <ClCompile Include="GUI\Models\ProcessModel.cpp">
      <Filter>TaskExplorer\Models</Filter>
    </ClCompile>
    <ClCompile Include="GUI\Models\SocketModel.cpp">
      <Filter>TaskExplorer\Models</Filter>
    </ClCompile>
    <ClCompile Include="GUI\Models\HandleModel.cpp">
      <Filter>TaskExplorer\Models</Filter>
    </ClCompile>
    <ClCompile Include="GUI\Models\ThreadModel.cpp">
      <Filter>TaskExplorer\Models</Filter>
    </ClCompile>
    <ClCompile Include="GUI\Models\ServiceModel.cpp">
      <Filter>TaskExplorer\Models</Filter>
    </ClCompile>
    <ClCompile Include="GUI\Models\ModuleModel.cpp">
      <Filter>TaskExplorer\Models</Filter>
    </ClCompile>
    <ClCompile Include="GUI\Models\WindowModel.cpp">
      <Filter>TaskExplorer\Models</Filter>
    </ClCompile>
    <ClCompile Include="GUI\TaskInfo\StackView.cpp">
      <Filter>TaskExplorer\TaskInfo</Filter>
    </ClCompile>
    <ClCompile Include="GUI\TaskView.cpp">
      <Filter>TaskExplorer</Filter>
    </ClCompile>
    <ClCompile Include="GUI\TaskInfo\TaskInfoWindow.cpp">
      <Filter>TaskExplorer\TaskInfo</Filter>
    </ClCompile>
    <ClCompile Include="GUI\TaskInfo\JobView.cpp">
      <Filter>TaskExplorer\TaskInfo</Filter>
    </ClCompile>
    <ClCompile Include="GUI\TaskInfo\ProcessView.cpp">
      <Filter>TaskExplorer\TaskInfo</Filter>
    </ClCompile>
    <ClCompile Include="GUI\SystemInfo\SystemView.cpp">
      <Filter>TaskExplorer\SystemInfo</Filter>
    </ClCompile>
    <ClCompile Include="GUI\StatsView.cpp">
      <Filter>TaskExplorer</Filter>
    </ClCompile>
    <ClCompile Include="GUI\ConnectDialog.cpp">
      <Filter>TaskExplorer</Filter>
    </ClCompile>
    <ClCompile Include="GUI\ProcessPicker.cpp">
      <Filter>TaskExplorer</Filter>
    </ClCompile>
    <ClCompile Include="GUI\Models\DriverModel.cpp">
      <Filter>TaskExplorer\Models</Filter>
    </ClCompile>
    <ClCompile Include="GUI\NewService.cpp">
      <Filter>TaskExplorer</Filter>
    </ClCompile>
    <ClCompile Include="GUI\SystemInfo\WinSvcWindow.cpp">
      <Filter>TaskExplorer\SystemInfo</Filter>
    </ClCompile>
    <ClCompile Include="GUI\AffinityDialog.cpp">
      <Filter>TaskExplorer</Filter>
    </ClCompile>
    <ClCompile Include="GUI\ProcessTree.cpp">
      <Filter>TaskExplorer</Filter>
    </ClCompile>
    <ClCompile Include="main.cpp">
      <Filter>Source Files</Filter>
    </ClCompile>
    <ClCompile Include="GUI\RunAsDialog.cpp">
      <Filter>TaskExplorer</Filter>
    </ClCompile>
    <ClCompile Include="GUI\SystemInfo\WinSvcTrigger.cpp">
      <Filter>TaskExplorer\SystemInfo</Filter>
    </ClCompile>
    <ClCompile Include="GUI\SystemInfo\WinSvcShutdown.cpp">
      <Filter>TaskExplorer\SystemInfo</Filter>
    </ClCompile>
    <ClCompile Include="GUI\SystemInfo\ServiceListWidget.cpp">
      <Filter>TaskExplorer\SystemInfo</Filter>
    </ClCompile>
    <ClCompile Include="GUI\Models\MemoryModel.cpp">
      <Filter>TaskExplorer\Models</Filter>
    </ClCompile>
    <ClCompile Include="GUI\MemoryEditor.cpp">
      <Filter>TaskExplorer</Filter>
    </ClCompile>
    <ClCompile Include="GUI\TaskInfo\TokenView.cpp">
      <Filter>TaskExplorer\TaskInfo</Filter>
    </ClCompile>
    <ClCompile Include="GUI\SettingsWindow.cpp">
      <Filter>TaskExplorer</Filter>
    </ClCompile>
    <ClCompile Include="GUI\Search\HandleSearch.cpp">
      <Filter>TaskExplorer\Search</Filter>
    </ClCompile>
    <ClCompile Include="GUI\Search\ModuleSearch.cpp">
      <Filter>TaskExplorer\Search</Filter>
    </ClCompile>
    <ClCompile Include="GUI\Search\MemorySearch.cpp">
      <Filter>TaskExplorer\Search</Filter>
    </ClCompile>
    <ClCompile Include="GUI\Models\StringModel.cpp">
      <Filter>TaskExplorer\Models</Filter>
    </ClCompile>
    <ClCompile Include="GUI\Search\StringView.cpp">
      <Filter>TaskExplorer\Search</Filter>
    </ClCompile>
    <ClCompile Include="GUI\Search\SearchWindow.cpp">
      <Filter>TaskExplorer\Search</Filter>
    </ClCompile>
    <ClCompile Include="GUI\SystemInfo\SystemInfoWindow.cpp">
      <Filter>TaskExplorer\SystemInfo</Filter>
    </ClCompile>
    <ClCompile Include="GUI\SystemInfo\PerformanceDashboard.cpp">
      <Filter>TaskExplorer\SystemInfo</Filter>
    </ClCompile>
    <ClCompile Include="GUI\TaskInfo\DotNetView.cpp">
      <Filter>TaskExplorer\TaskInfo</Filter>
    </ClCompile>
    <ClCompile Include="GUI\TaskInfo\DotNetStats.cpp">
      <Filter>TaskExplorer\TaskInfo</Filter>
    </ClCompile>
    <ClCompile Include="GUI\TaskInfo\GDIView.cpp">
      <Filter>TaskExplorer\TaskInfo</Filter>
    </ClCompile>
    <ClCompile Include="GUI\Models\GDIModel.cpp">
      <Filter>TaskExplorer\Models</Filter>
    </ClCompile>
    <ClCompile Include="GUI\SystemInfo\CPUView.cpp">
      <Filter>TaskExplorer\SystemInfo</Filter>
    </ClCompile>
    <ClCompile Include="GUI\SystemInfo\DiskView.cpp">
      <Filter>TaskExplorer\SystemInfo</Filter>
    </ClCompile>
    <ClCompile Include="GUI\SystemInfo\GPUView.cpp">
      <Filter>TaskExplorer\SystemInfo</Filter>
    </ClCompile>
    <ClCompile Include="GUI\SystemInfo\NetworkView.cpp">
      <Filter>TaskExplorer\SystemInfo</Filter>
    </ClCompile>
    <ClCompile Include="GUI\SystemInfo\RAMView.cpp">
      <Filter>TaskExplorer\SystemInfo</Filter>
    </ClCompile>
    <ClCompile Include="GUI\Models\DnsModel.cpp">
      <Filter>TaskExplorer\Models</Filter>
    </ClCompile>
    <ClCompile Include="GUI\SystemInfo\DnsCacheView.cpp">
      <Filter>TaskExplorer\SystemInfo</Filter>
    </ClCompile>
    <ClCompile Include="GUI\Models\PoolModel.cpp">
      <Filter>TaskExplorer\Models</Filter>
    </ClCompile>
    <ClCompile Include="GUI\Models\NtObjectModel.cpp">
      <Filter>TaskExplorer\Models</Filter>
    </ClCompile>
    <ClCompile Include="GUI\SystemInfo\KernelInfo\AtomView.cpp">
      <Filter>TaskExplorer\SystemInfo\KernelInfo</Filter>
    </ClCompile>
    <ClCompile Include="GUI\SystemInfo\KernelInfo\DriversView.cpp">
      <Filter>TaskExplorer\SystemInfo\KernelInfo</Filter>
    </ClCompile>
    <ClCompile Include="GUI\SystemInfo\KernelInfo\NtObjectView.cpp">
      <Filter>TaskExplorer\SystemInfo\KernelInfo</Filter>
    </ClCompile>
    <ClCompile Include="GUI\SystemInfo\KernelInfo\PoolView.cpp">
      <Filter>TaskExplorer\SystemInfo\KernelInfo</Filter>
    </ClCompile>
    <ClCompile Include="GUI\SecurityExplorer.cpp">
      <Filter>TaskExplorer</Filter>
    </ClCompile>
    <ClCompile Include="GUI\SystemInfo\KernelInfo\RunObjView.cpp">
      <Filter>TaskExplorer\SystemInfo\KernelInfo</Filter>
    </ClCompile>
    <ClCompile Include="GUI\WsWatchDialog.cpp">
      <Filter>TaskExplorer</Filter>
    </ClCompile>
    <ClCompile Include="GUI\WaitChainDialog.cpp">
      <Filter>TaskExplorer</Filter>
    </ClCompile>
    <ClCompile Include="GUI\PlatformAbout.cpp">
      <Filter>TaskExplorer</Filter>
    </ClCompile>
    <ClCompile Include="GUI\DynDataUpdater.cpp">
      <Filter>TaskExplorer</Filter>
    </ClCompile>
    <ClCompile Include="GUI\DriverWindow.cpp">
      <Filter>TaskExplorer</Filter>
    </ClCompile>
    <ClCompile Include="GUI\MultiErrorDialog.cpp">
      <Filter>TaskExplorer</Filter>
    </ClCompile>
    <ClCompile Include="GUI\TaskInfo\HandlesView.cpp">
      <Filter>TaskExplorer\TaskInfo</Filter>
    </ClCompile>
    <ClCompile Include="GUI\PersistenceConfig.cpp">
      <Filter>TaskExplorer</Filter>
    </ClCompile>
    <ClCompile Include="GUI\TaskInfo\DebugView.cpp">
      <Filter>TaskExplorer\TaskInfo</Filter>
    </ClCompile>
    <ClCompile Include="GUI\RunDialog.cpp">
      <Filter>TaskExplorer</Filter>
    </ClCompile>
    <ClCompile Include="GUI\Filters\ProcessFilterModel.cpp">
      <Filter>TaskExplorer\Filters</Filter>
    </ClCompile>
    <ClCompile Include="GUI\TaskInfo\SbieView.cpp">
      <Filter>TaskExplorer\TaskInfo</Filter>
    </ClCompile>
    <ClCompile Include="GUI\SystemInfo\RpcView.cpp">
      <Filter>TaskExplorer\SystemInfo</Filter>
    </ClCompile>
    <ClCompile Include="GUI\Models\RpcModel.cpp">
      <Filter>TaskExplorer\Models</Filter>
    </ClCompile>
    <ClCompile Include="GUI\Models\HeapModel.cpp">
      <Filter>TaskExplorer\Models</Filter>
    </ClCompile>
    <ClCompile Include="GUI\TaskInfo\HeapView.cpp">
      <Filter>TaskExplorer\TaskInfo</Filter>
    </ClCompile>
    <ClCompile Include="GUI\WndFinder.cpp">
      <Filter>TaskExplorer</Filter>
    </ClCompile>
    <ClCompile Include="GUI\OnlineUpdater.cpp">
      <Filter>TaskExplorer</Filter>
    </ClCompile>
    <ClCompile Include="GUI\TaskInfo\SecurityView.cpp">
      <Filter>TaskExplorer\TaskInfo</Filter>
    </ClCompile>
    <ClCompile Include="GUI\TaskInfo\CGroupView.cpp">
      <Filter>TaskExplorer\TaskInfo</Filter>
    </ClCompile>
    <ClCompile Include="GUI\DesktopActions.cpp">
      <Filter>TaskExplorer</Filter>
    </ClCompile>
    <ClCompile Include="GUI\PrincipalPicker.cpp">
      <Filter>TaskExplorer</Filter>
    </ClCompile>
    <ClCompile Include="GUI\SecurityDialog.cpp">
      <Filter>TaskExplorer</Filter>
    </ClCompile>
    <ClCompile Include="GUI\ServerUserDialog.cpp">
      <Filter>TaskExplorer</Filter>
    </ClCompile>
    <ClCompile Include="GUI\TaskStrings.cpp">
      <Filter>TaskExplorer</Filter>
    </ClCompile>
    <ClCompile Include="GUI\UnlockDialog.cpp">
      <Filter>TaskExplorer</Filter>
    </ClCompile>
    <ClCompile Include="..\MiniDump\MiniDumpFilter.cpp">
      <Filter>Source Files</Filter>
    </ClCompile>
  </ItemGroup>
  <ItemGroup>
    <ClInclude Include="stdafx.h">
      <Filter>Header Files</Filter>
    </ClInclude>
    <QtMoc Include="GUI\ConnectDialog.h">
      <Filter>TaskExplorer</Filter>
    </QtMoc>
    <ClInclude Include="GUI\ProcessPicker.h">
      <Filter>TaskExplorer</Filter>
    </ClInclude>
    <ClInclude Include="GUI\CustomItemDelegate.h">
      <Filter>TaskExplorer</Filter>
    </ClInclude>
    <ClInclude Include="Resources\resource.h">
      <Filter>Resource Files</Filter>
    </ClInclude>
    <ClInclude Include="GUI\Filters\ProcessFilterModel.h">
      <Filter>TaskExplorer\Filters</Filter>
    </ClInclude>
    <ClInclude Include="version.h">
      <Filter>Header Files</Filter>
    </ClInclude>
    <ClInclude Include="..\TaskCommon\Support.h">
      <Filter>Common</Filter>
    </ClInclude>
    <ClInclude Include="GUI\DesktopActions.h">
      <Filter>TaskExplorer</Filter>
    </ClInclude>
    <ClInclude Include="GUI\TaskStrings.h">
      <Filter>TaskExplorer</Filter>
    </ClInclude>
    <ClInclude Include="..\MiniDump\MiniDumpFilter.h">
      <Filter>Header Files</Filter>
    </ClInclude>
  </ItemGroup>
  <ItemGroup>
    <QtMoc Include="GUI\GraphBar.h">
      <Filter>TaskExplorer</Filter>
    </QtMoc>
    <QtMoc Include="GUI\ProcessTree.h">
      <Filter>TaskExplorer</Filter>
    </QtMoc>
    <QtMoc Include="GUI\TaskExplorer.h">
      <Filter>TaskExplorer</Filter>
    </QtMoc>
    <QtMoc Include="GUI\SystemInfo\SystemInfoView.h">
      <Filter>TaskExplorer\SystemInfo</Filter>
    </QtMoc>
    <QtMoc Include="GUI\TaskInfo\EnvironmentView.h">
      <Filter>TaskExplorer\TaskInfo</Filter>
    </QtMoc>
    <QtMoc Include="GUI\TaskInfo\HandlesView.h">
      <Filter>TaskExplorer\TaskInfo</Filter>
    </QtMoc>
    <QtMoc Include="GUI\TaskInfo\MemoryView.h">
      <Filter>TaskExplorer\TaskInfo</Filter>
    </QtMoc>
    <QtMoc Include="GUI\TaskInfo\ModulesView.h">
      <Filter>TaskExplorer\TaskInfo</Filter>
    </QtMoc>
    <QtMoc Include="GUI\TaskInfo\SocketsView.h">
      <Filter>TaskExplorer\TaskInfo</Filter>
    </QtMoc>
    <QtMoc Include="GUI\TaskInfo\TaskInfoView.h">
      <Filter>TaskExplorer\TaskInfo</Filter>
    </QtMoc>
    <QtMoc Include="GUI\TaskInfo\ThreadsView.h">
      <Filter>TaskExplorer\TaskInfo</Filter>
    </QtMoc>
    <QtMoc Include="GUI\TaskInfo\WindowsView.h">
      <Filter>TaskExplorer\TaskInfo</Filter>
    </QtMoc>
    <QtMoc Include="GUI\Models\ProcessModel.h">
      <Filter>TaskExplorer\Models</Filter>
    </QtMoc>
    <QtMoc Include="GUI\Models\SocketModel.h">
      <Filter>TaskExplorer\Models</Filter>
    </QtMoc>
    <QtMoc Include="GUI\Models\HandleModel.h">
      <Filter>TaskExplorer\Models</Filter>
    </QtMoc>
    <QtMoc Include="GUI\Models\ThreadModel.h">
      <Filter>TaskExplorer\Models</Filter>
    </QtMoc>
    <QtMoc Include="GUI\Models\ServiceModel.h">
      <Filter>TaskExplorer\Models</Filter>
    </QtMoc>
    <QtMoc Include="GUI\SystemInfo\ServicesView.h">
      <Filter>TaskExplorer\SystemInfo</Filter>
    </QtMoc>
    <QtMoc Include="GUI\Models\ModuleModel.h">
      <Filter>TaskExplorer\Models</Filter>
    </QtMoc>
    <QtMoc Include="GUI\Models\WindowModel.h">
      <Filter>TaskExplorer\Models</Filter>
    </QtMoc>
    <QtMoc Include="GUI\TaskInfo\StackView.h">
      <Filter>TaskExplorer\TaskInfo</Filter>
    </QtMoc>
    <QtMoc Include="GUI\TaskView.h">
      <Filter>TaskExplorer</Filter>
    </QtMoc>
    <QtMoc Include="GUI\TaskInfo\TaskInfoWindow.h">
      <Filter>TaskExplorer\TaskInfo</Filter>
    </QtMoc>
    <QtMoc Include="GUI\TaskInfo\JobView.h">
      <Filter>TaskExplorer\TaskInfo</Filter>
    </QtMoc>
    <QtMoc Include="GUI\TaskInfo\ProcessView.h">
      <Filter>TaskExplorer\TaskInfo</Filter>
    </QtMoc>
    <QtMoc Include="GUI\SystemInfo\SystemView.h">
      <Filter>TaskExplorer\SystemInfo</Filter>
    </QtMoc>
    <QtMoc Include="GUI\StatsView.h">
      <Filter>TaskExplorer</Filter>
    </QtMoc>
    <QtMoc Include="GUI\Models\DriverModel.h">
      <Filter>TaskExplorer\Models</Filter>
    </QtMoc>
    <QtMoc Include="GUI\NewService.h">
      <Filter>TaskExplorer</Filter>
    </QtMoc>
    <QtMoc Include="GUI\SystemInfo\WinSvcWindow.h">
      <Filter>TaskExplorer\SystemInfo</Filter>
    </QtMoc>
    <QtMoc Include="GUI\AffinityDialog.h">
      <Filter>TaskExplorer</Filter>
    </QtMoc>
    <QtMoc Include="GUI\RunAsDialog.h">
      <Filter>TaskExplorer</Filter>
    </QtMoc>
    <QtMoc Include="GUI\SystemInfo\WinSvcTrigger.h">
      <Filter>TaskExplorer\SystemInfo</Filter>
    </QtMoc>
    <QtMoc Include="GUI\SystemInfo\WinSvcShutdown.h">
      <Filter>TaskExplorer\SystemInfo</Filter>
    </QtMoc>
    <QtMoc Include="GUI\SystemInfo\ServiceListWidget.h">
      <Filter>TaskExplorer\SystemInfo</Filter>
    </QtMoc>
    <QtMoc Include="GUI\Models\MemoryModel.h">
      <Filter>TaskExplorer\Models</Filter>
    </QtMoc>
    <QtMoc Include="GUI\MemoryEditor.h">
      <Filter>TaskExplorer</Filter>
    </QtMoc>
    <QtMoc Include="GUI\TaskInfo\TokenView.h">
      <Filter>TaskExplorer\TaskInfo</Filter>
    </QtMoc>
    <QtMoc Include="GUI\SettingsWindow.h">
      <Filter>TaskExplorer</Filter>
    </QtMoc>
    <QtMoc Include="GUI\Search\HandleSearch.h">
      <Filter>TaskExplorer\Search</Filter>
    </QtMoc>
    <QtMoc Include="GUI\Search\ModuleSearch.h">
      <Filter>TaskExplorer\Search</Filter>
    </QtMoc>
    <QtMoc Include="GUI\Search\MemorySearch.h">
      <Filter>TaskExplorer\Search</Filter>
    </QtMoc>
    <QtMoc Include="GUI\Models\StringModel.h">
      <Filter>TaskExplorer\Models</Filter>
    </QtMoc>
    <QtMoc Include="GUI\Search\StringView.h">
      <Filter>TaskExplorer\Search</Filter>
    </QtMoc>
    <QtMoc Include="GUI\Search\SearchWindow.h">
      <Filter>TaskExplorer\Search</Filter>
    </QtMoc>
    <QtMoc Include="GUI\SystemInfo\SystemInfoWindow.h">
      <Filter>TaskExplorer\SystemInfo</Filter>
    </QtMoc>
    <QtMoc Include="GUI\TaskInfo\DotNetView.h">
      <Filter>TaskExplorer\TaskInfo</Filter>
    </QtMoc>
    <QtMoc Include="GUI\TaskInfo\GDIView.h">
      <Filter>TaskExplorer\TaskInfo</Filter>
    </QtMoc>
    <QtMoc Include="GUI\SystemInfo\RAMView.h">
      <Filter>TaskExplorer\SystemInfo</Filter>
    </QtMoc>
    <QtMoc Include="GUI\SystemInfo\CPUView.h">
      <Filter>TaskExplorer\SystemInfo</Filter>
    </QtMoc>
    <QtMoc Include="GUI\SystemInfo\DiskView.h">
      <Filter>TaskExplorer\SystemInfo</Filter>
    </QtMoc>
    <QtMoc Include="GUI\SystemInfo\GPUView.h">
      <Filter>TaskExplorer\SystemInfo</Filter>
    </QtMoc>
    <QtMoc Include="GUI\SystemInfo\NetworkView.h">
      <Filter>TaskExplorer\SystemInfo</Filter>
    </QtMoc>
    <QtMoc Include="GUI\Models\GDIModel.h">
      <Filter>TaskExplorer\Models</Filter>
    </QtMoc>
    <QtMoc Include="GUI\Models\DnsModel.h">
      <Filter>TaskExplorer\Models</Filter>
    </QtMoc>
    <QtMoc Include="GUI\SystemInfo\DnsCacheView.h">
      <Filter>TaskExplorer\SystemInfo</Filter>
    </QtMoc>
    <QtMoc Include="GUI\Models\PoolModel.h">
      <Filter>TaskExplorer\Models</Filter>
    </QtMoc>
    <QtMoc Include="GUI\Models\NtObjectModel.h">
      <Filter>TaskExplorer\Models</Filter>
    </QtMoc>
    <QtMoc Include="GUI\SystemInfo\KernelInfo\AtomView.h">
      <Filter>TaskExplorer\SystemInfo\KernelInfo</Filter>
    </QtMoc>
    <QtMoc Include="GUI\SystemInfo\KernelInfo\NtObjectView.h">
      <Filter>TaskExplorer\SystemInfo\KernelInfo</Filter>
    </QtMoc>
    <QtMoc Include="GUI\SystemInfo\KernelInfo\PoolView.h">
      <Filter>TaskExplorer\SystemInfo\KernelInfo</Filter>
    </QtMoc>
    <QtMoc Include="GUI\SystemInfo\KernelInfo\DriversView.h">
      <Filter>TaskExplorer\SystemInfo\KernelInfo</Filter>
    </QtMoc>
    <QtMoc Include="GUI\SecurityExplorer.h">
      <Filter>TaskExplorer</Filter>
    </QtMoc>
    <QtMoc Include="GUI\SystemInfo\KernelInfo\RunObjView.h">
      <Filter>TaskExplorer\SystemInfo\KernelInfo</Filter>
    </QtMoc>
    <QtMoc Include="GUI\WsWatchDialog.h">
      <Filter>TaskExplorer</Filter>
    </QtMoc>
    <QtMoc Include="GUI\WaitChainDialog.h">
      <Filter>TaskExplorer</Filter>
    </QtMoc>
    <QtMoc Include="GUI\DriverWindow.h">
      <Filter>TaskExplorer</Filter>
    </QtMoc>
    <QtMoc Include="GUI\MultiErrorDialog.h">
      <Filter>TaskExplorer</Filter>
    </QtMoc>
    <QtMoc Include="GUI\PersistenceConfig.h">
      <Filter>TaskExplorer</Filter>
    </QtMoc>
    <QtMoc Include="GUI\TaskInfo\DebugView.h">
      <Filter>TaskExplorer\TaskInfo</Filter>
    </QtMoc>
    <QtMoc Include="GUI\RunDialog.h">
      <Filter>TaskExplorer</Filter>
    </QtMoc>
    <QtMoc Include="GUI\TaskInfo\SbieView.h">
      <Filter>TaskExplorer\TaskInfo</Filter>
    </QtMoc>
    <QtMoc Include="GUI\SystemInfo\RpcView.h">
      <Filter>TaskExplorer\SystemInfo</Filter>
    </QtMoc>
    <QtMoc Include="GUI\Models\RpcModel.h">
      <Filter>TaskExplorer\Models</Filter>
    </QtMoc>
    <QtMoc Include="GUI\Models\HeapModel.h">
      <Filter>TaskExplorer\Models</Filter>
    </QtMoc>
    <QtMoc Include="GUI\TaskInfo\HeapView.h">
      <Filter>TaskExplorer\TaskInfo</Filter>
    </QtMoc>
    <QtMoc Include="GUI\OnlineUpdater.h">
      <Filter>TaskExplorer</Filter>
    </QtMoc>
    <QtMoc Include="GUI\TaskInfo\SecurityView.h">
      <Filter>TaskExplorer\TaskInfo</Filter>
    </QtMoc>
    <QtMoc Include="GUI\TaskInfo\CGroupView.h">
      <Filter>TaskExplorer\TaskInfo</Filter>
    </QtMoc>
    <QtMoc Include="GUI\PrincipalPicker.h">
      <Filter>TaskExplorer</Filter>
    </QtMoc>
    <QtMoc Include="GUI\SecurityDialog.h">
      <Filter>TaskExplorer</Filter>
    </QtMoc>
    <QtMoc Include="GUI\ServerUserDialog.h">
      <Filter>TaskExplorer</Filter>
    </QtMoc>
    <QtMoc Include="GUI\UnlockDialog.h">
      <Filter>TaskExplorer</Filter>
    </QtMoc>
  </ItemGroup>
  <ItemGroup>
    <Image Include="Resources\exe16.png">
      <Filter>Resource Files</Filter>
    </Image>
    <Image Include="Resources\exe32.png">
      <Filter>Resource Files</Filter>
    </Image>
    <Image Include="Resources\exe48.png">
      <Filter>Resource Files</Filter>
    </Image>
    <Image Include="Resources\exe64.png">
      <Filter>Resource Files</Filter>
    </Image>
    <Image Include="Resources\TaskExplorer.ico">
      <Filter>Resource Files</Filter>
    </Image>
    <Image Include="Resources\finder-empty.bmp">
      <Filter>Resource Files</Filter>
    </Image>
    <Image Include="Resources\finder-full.bmp">
      <Filter>Resource Files</Filter>
    </Image>
  </ItemGroup>
  <ItemGroup>
    <QtRcc Include="Resources\TaskExplorer.qrc">
      <Filter>Resource Files</Filter>
    </QtRcc>
  </ItemGroup>
  <ItemGroup>
    <ResourceCompile Include="Resources\TaskExplorer.rc">
      <Filter>Resource Files</Filter>
    </ResourceCompile>
  </ItemGroup>
  <ItemGroup>
    <None Include="..\CHANGELOG.md" />
    <None Include="Resources\finder.cur">
      <Filter>Resource Files</Filter>
    </None>
  </ItemGroup>
  <ItemGroup>
    <QtUic Include="Forms\NewService.ui">
      <Filter>Forms</Filter>
    </QtUic>
    <QtUic Include="Forms\RunAsDialog.ui">
      <Filter>Forms</Filter>
    </QtUic>
    <QtUic Include="Forms\WinSvcShutdown.ui">
      <Filter>Forms</Filter>
    </QtUic>
    <QtUic Include="Forms\WinSvcTrigger.ui">
      <Filter>Forms</Filter>
    </QtUic>
    <QtUic Include="Forms\WinSvcWindow.ui">
      <Filter>Forms</Filter>
    </QtUic>
    <QtUic Include="Forms\SecurityExplorer.ui">
      <Filter>Forms</Filter>
    </QtUic>
    <QtUic Include="Forms\DriverWindow.ui">
      <Filter>Forms</Filter>
    </QtUic>
    <QtUic Include="Forms\SettingsWindow.ui">
      <Filter>Forms</Filter>
    </QtUic>
    <QtUic Include="Forms\RunDialog.ui">
      <Filter>Forms</Filter>
    </QtUic>
  </ItemGroup>
  <ItemGroup>
    <Manifest Include="Resources\TaskExplorer.manifest">
      <Filter>Resource Files</Filter>
    </Manifest>
  </ItemGroup>
  <ItemGroup>
    <QtTranslation Include="taskexplorer_zh_CN.ts">
      <Filter>Translation Files</Filter>
    </QtTranslation>
    <QtTranslation Include="taskexplorer_pl.ts">
      <Filter>Translation Files</Filter>
    </QtTranslation>
    <QtTranslation Include="taskexplorer_de.ts">
      <Filter>Translation Files</Filter>
    </QtTranslation>
    <QtTranslation Include="taskexplorer_en.ts">
      <Filter>Translation Files</Filter>
    </QtTranslation>
    <QtTranslation Include="taskexplorer_it.ts">
      <Filter>Translation Files</Filter>
    </QtTranslation>
    <QtTranslation Include="taskexplorer_tr.ts">
      <Filter>Translation Files</Filter>
    </QtTranslation>
    <QtTranslation Include="taskexplorer_pt.ts">
      <Filter>Translation Files</Filter>
    </QtTranslation>
  </ItemGroup>
</Project>
